// !$*UTF8*$!
{
	archiveVersion = 1;
	classes = {
	};
	objectVersion = 56;
	objects = {

/* Begin PBXBuildFile section */
		3637147729BD5BAD0078698B /* EventInfoView.swift in Sources */ = {isa = PBXBuildFile; fileRef = 3637147629BD5BAD0078698B /* EventInfoView.swift */; };
		3637147929BE75860078698B /* EventState.swift in Sources */ = {isa = PBXBuildFile; fileRef = 3637147829BE75860078698B /* EventState.swift */; };
		3637147B29BF98C80078698B /* EventsView.swift in Sources */ = {isa = PBXBuildFile; fileRef = 3637147A29BF98C80078698B /* EventsView.swift */; };
		3637147D29BF98FB0078698B /* HomeView.swift in Sources */ = {isa = PBXBuildFile; fileRef = 3637147C29BF98FB0078698B /* HomeView.swift */; };
		3637148529BFD2510078698B /* Socials.swift in Sources */ = {isa = PBXBuildFile; fileRef = 3637148429BFD2510078698B /* Socials.swift */; };
		36528BC82996B30C00B5726F /* GirlsTakeApp.swift in Sources */ = {isa = PBXBuildFile; fileRef = 36528BC72996B30C00B5726F /* GirlsTakeApp.swift */; };
		36528BCC2996B30D00B5726F /* Assets.xcassets in Resources */ = {isa = PBXBuildFile; fileRef = 36528BCB2996B30D00B5726F /* Assets.xcassets */; };
		36528BCF2996B30D00B5726F /* Preview Assets.xcassets in Resources */ = {isa = PBXBuildFile; fileRef = 36528BCE2996B30D00B5726F /* Preview Assets.xcassets */; };
		36528BD62996B43900B5726F /* GoogleService-Info.plist in Resources */ = {isa = PBXBuildFile; fileRef = 36528BD52996B43900B5726F /* GoogleService-Info.plist */; };
		36528BD92996B61B00B5726F /* FirebaseAnalytics in Frameworks */ = {isa = PBXBuildFile; productRef = 36528BD82996B61B00B5726F /* FirebaseAnalytics */; };
		36528BDB2996B61B00B5726F /* FirebaseAnalyticsOnDeviceConversion in Frameworks */ = {isa = PBXBuildFile; productRef = 36528BDA2996B61B00B5726F /* FirebaseAnalyticsOnDeviceConversion */; };
		36528BDD2996B61B00B5726F /* FirebaseAnalyticsSwift in Frameworks */ = {isa = PBXBuildFile; productRef = 36528BDC2996B61B00B5726F /* FirebaseAnalyticsSwift */; };
		36528BDF2996B61B00B5726F /* FirebaseAnalyticsWithoutAdIdSupport in Frameworks */ = {isa = PBXBuildFile; productRef = 36528BDE2996B61B00B5726F /* FirebaseAnalyticsWithoutAdIdSupport */; };
		36528BE12996B61B00B5726F /* FirebaseAppCheck in Frameworks */ = {isa = PBXBuildFile; productRef = 36528BE02996B61B00B5726F /* FirebaseAppCheck */; };
		36528BE32996B61B00B5726F /* FirebaseAppDistribution-Beta in Frameworks */ = {isa = PBXBuildFile; productRef = 36528BE22996B61B00B5726F /* FirebaseAppDistribution-Beta */; };
		36528BE52996B61B00B5726F /* FirebaseAuth in Frameworks */ = {isa = PBXBuildFile; productRef = 36528BE42996B61B00B5726F /* FirebaseAuth */; };
		36528BE72996B61B00B5726F /* FirebaseAuthCombine-Community in Frameworks */ = {isa = PBXBuildFile; productRef = 36528BE62996B61B00B5726F /* FirebaseAuthCombine-Community */; };
		36528BE92996B61B00B5726F /* FirebaseCrashlytics in Frameworks */ = {isa = PBXBuildFile; productRef = 36528BE82996B61B00B5726F /* FirebaseCrashlytics */; };
		36528BEB2996B61B00B5726F /* FirebaseDatabase in Frameworks */ = {isa = PBXBuildFile; productRef = 36528BEA2996B61B00B5726F /* FirebaseDatabase */; };
		36528BED2996B61B00B5726F /* FirebaseDatabaseSwift in Frameworks */ = {isa = PBXBuildFile; productRef = 36528BEC2996B61B00B5726F /* FirebaseDatabaseSwift */; };
		36528BEF2996B61B00B5726F /* FirebaseDynamicLinks in Frameworks */ = {isa = PBXBuildFile; productRef = 36528BEE2996B61B00B5726F /* FirebaseDynamicLinks */; };
		36528BF12996B61B00B5726F /* FirebaseFirestore in Frameworks */ = {isa = PBXBuildFile; productRef = 36528BF02996B61B00B5726F /* FirebaseFirestore */; };
		36528BF32996B61B00B5726F /* FirebaseFirestoreCombine-Community in Frameworks */ = {isa = PBXBuildFile; productRef = 36528BF22996B61B00B5726F /* FirebaseFirestoreCombine-Community */; };
		36528BF52996B61B00B5726F /* FirebaseFirestoreSwift in Frameworks */ = {isa = PBXBuildFile; productRef = 36528BF42996B61B00B5726F /* FirebaseFirestoreSwift */; };
		36528BF72996B61B00B5726F /* FirebaseFunctions in Frameworks */ = {isa = PBXBuildFile; productRef = 36528BF62996B61B00B5726F /* FirebaseFunctions */; };
		36528BF92996B61B00B5726F /* FirebaseFunctionsCombine-Community in Frameworks */ = {isa = PBXBuildFile; productRef = 36528BF82996B61B00B5726F /* FirebaseFunctionsCombine-Community */; };
		36528BFB2996B61B00B5726F /* FirebaseInAppMessaging-Beta in Frameworks */ = {isa = PBXBuildFile; productRef = 36528BFA2996B61B00B5726F /* FirebaseInAppMessaging-Beta */; };
		36528BFD2996B61B00B5726F /* FirebaseInAppMessagingSwift-Beta in Frameworks */ = {isa = PBXBuildFile; productRef = 36528BFC2996B61B00B5726F /* FirebaseInAppMessagingSwift-Beta */; };
		36528BFF2996B61B00B5726F /* FirebaseInstallations in Frameworks */ = {isa = PBXBuildFile; productRef = 36528BFE2996B61B00B5726F /* FirebaseInstallations */; };
		36528C012996B61B00B5726F /* FirebaseMLModelDownloader in Frameworks */ = {isa = PBXBuildFile; productRef = 36528C002996B61B00B5726F /* FirebaseMLModelDownloader */; };
		36528C032996B61B00B5726F /* FirebaseMessaging in Frameworks */ = {isa = PBXBuildFile; productRef = 36528C022996B61B00B5726F /* FirebaseMessaging */; };
		36528C052996B61B00B5726F /* FirebasePerformance in Frameworks */ = {isa = PBXBuildFile; productRef = 36528C042996B61B00B5726F /* FirebasePerformance */; };
		36528C072996B61B00B5726F /* FirebaseRemoteConfig in Frameworks */ = {isa = PBXBuildFile; productRef = 36528C062996B61B00B5726F /* FirebaseRemoteConfig */; };
		36528C092996B61B00B5726F /* FirebaseRemoteConfigSwift in Frameworks */ = {isa = PBXBuildFile; productRef = 36528C082996B61B00B5726F /* FirebaseRemoteConfigSwift */; };
		36528C0B2996B61B00B5726F /* FirebaseStorage in Frameworks */ = {isa = PBXBuildFile; productRef = 36528C0A2996B61B00B5726F /* FirebaseStorage */; };
		36528C0D2996B61B00B5726F /* FirebaseStorageCombine-Community in Frameworks */ = {isa = PBXBuildFile; productRef = 36528C0C2996B61B00B5726F /* FirebaseStorageCombine-Community */; };
		36528C1129975A1300B5726F /* UserProfile.swift in Sources */ = {isa = PBXBuildFile; fileRef = 36528C1029975A1300B5726F /* UserProfile.swift */; };
		36932BDF29C2A5A700928542 /* InfoSlideModel.swift in Sources */ = {isa = PBXBuildFile; fileRef = 36932BDE29C2A5A700928542 /* InfoSlideModel.swift */; };
		36932BE129C2A99400928542 /* RegisteringView.swift in Sources */ = {isa = PBXBuildFile; fileRef = 36932BE029C2A99400928542 /* RegisteringView.swift */; };
		36932BE529C390D500928542 /* ProfileBadgeArrays.swift in Sources */ = {isa = PBXBuildFile; fileRef = 36932BE429C390D500928542 /* ProfileBadgeArrays.swift */; };
		36932BE829C3963500928542 /* ProfileBadgeView.swift in Sources */ = {isa = PBXBuildFile; fileRef = 36932BE729C3963500928542 /* ProfileBadgeView.swift */; };
		36932BEA29C39FD800928542 /* ProfileBadge.swift in Sources */ = {isa = PBXBuildFile; fileRef = 36932BE929C39FD800928542 /* ProfileBadge.swift */; };
		36932BED29C4EE3C00928542 /* Lottie in Frameworks */ = {isa = PBXBuildFile; productRef = 36932BEC29C4EE3C00928542 /* Lottie */; };
		36932BF129C4FC0E00928542 /* Martini.json in Resources */ = {isa = PBXBuildFile; fileRef = 36932BF029C4FC0E00928542 /* Martini.json */; };
		36932BF329C4FC3000928542 /* Skyline.json in Resources */ = {isa = PBXBuildFile; fileRef = 36932BF229C4FC3000928542 /* Skyline.json */; };
		36932BF529C4FCDD00928542 /* CalendarConfirmation.json in Resources */ = {isa = PBXBuildFile; fileRef = 36932BF429C4FCDD00928542 /* CalendarConfirmation.json */; };
		36932BF729C4FCF300928542 /* Calendar.json in Resources */ = {isa = PBXBuildFile; fileRef = 36932BF629C4FCF300928542 /* Calendar.json */; };
		36932BFC29C4FEB300928542 /* OnboardingItem.swift in Sources */ = {isa = PBXBuildFile; fileRef = 36932BFB29C4FEB300928542 /* OnboardingItem.swift */; };
		36932BFE29C4FF1A00928542 /* LottieAnimationView.swift in Sources */ = {isa = PBXBuildFile; fileRef = 36932BFD29C4FF1A00928542 /* LottieAnimationView.swift */; };
		36B7E86B29C63EBE001C18EB /* CoreInfoView.swift in Sources */ = {isa = PBXBuildFile; fileRef = 36B7E86A29C63EBE001C18EB /* CoreInfoView.swift */; };
		36B7E86D29C63F2B001C18EB /* AuthInputView.swift in Sources */ = {isa = PBXBuildFile; fileRef = 36B7E86C29C63F2B001C18EB /* AuthInputView.swift */; };
		36B7E86F29C63F42001C18EB /* ProfileBadgeInputView.swift in Sources */ = {isa = PBXBuildFile; fileRef = 36B7E86E29C63F42001C18EB /* ProfileBadgeInputView.swift */; };
		36B7E87229C63F54001C18EB /* LocationInputView.swift in Sources */ = {isa = PBXBuildFile; fileRef = 36B7E87129C63F54001C18EB /* LocationInputView.swift */; };
		36B7E87429C64895001C18EB /* OnboardingView.swift in Sources */ = {isa = PBXBuildFile; fileRef = 36B7E87329C64895001C18EB /* OnboardingView.swift */; };
		36B7E87B29C8DD67001C18EB /* DropDown.swift in Sources */ = {isa = PBXBuildFile; fileRef = 36B7E87A29C8DD67001C18EB /* DropDown.swift */; };
		36B7E88329CA2E4E001C18EB /* Italiana in Resources */ = {isa = PBXBuildFile; fileRef = 36B7E88229CA2E4E001C18EB /* Italiana */; };
		36B7E88729CA309F001C18EB /* Italiana-Regular.ttf in Resources */ = {isa = PBXBuildFile; fileRef = 36B7E88629CA309F001C18EB /* Italiana-Regular.ttf */; };
		36E55E9C29AE8B10004B1D75 /* UserState.swift in Sources */ = {isa = PBXBuildFile; fileRef = 36E55E9B29AE8B10004B1D75 /* UserState.swift */; };
		36E55EA029AE8CFC004B1D75 /* LoginView.swift in Sources */ = {isa = PBXBuildFile; fileRef = 36E55E9F29AE8CFC004B1D75 /* LoginView.swift */; };
		36E55EA429B01F36004B1D75 /* ProfileView.swift in Sources */ = {isa = PBXBuildFile; fileRef = 36E55EA329B01F36004B1D75 /* ProfileView.swift */; };
		36E55EA629B01F51004B1D75 /* EventPage.swift in Sources */ = {isa = PBXBuildFile; fileRef = 36E55EA529B01F51004B1D75 /* EventPage.swift */; };
		36E55EAA29B055A7004B1D75 /* ContentDelegator.swift in Sources */ = {isa = PBXBuildFile; fileRef = 36E55EA929B055A7004B1D75 /* ContentDelegator.swift */; };
		36E55EAE29B05D39004B1D75 /* ContentView.swift in Sources */ = {isa = PBXBuildFile; fileRef = 36E55EAD29B05D39004B1D75 /* ContentView.swift */; };
		36E55EB029B06371004B1D75 /* UserBaseManager.swift in Sources */ = {isa = PBXBuildFile; fileRef = 36E55EAF29B06371004B1D75 /* UserBaseManager.swift */; };
		36E55EB429B26C1F004B1D75 /* SettingsView.swift in Sources */ = {isa = PBXBuildFile; fileRef = 36E55EB329B26C1F004B1D75 /* SettingsView.swift */; };
		36E55EBA29B29AC5004B1D75 /* DMView.swift in Sources */ = {isa = PBXBuildFile; fileRef = 36E55EB929B29AC5004B1D75 /* DMView.swift */; };
		36E55EBC29B29AD2004B1D75 /* ModalView.swift in Sources */ = {isa = PBXBuildFile; fileRef = 36E55EBB29B29AD2004B1D75 /* ModalView.swift */; };
		36E55EBF29B45C97004B1D75 /* Events.swift in Sources */ = {isa = PBXBuildFile; fileRef = 36E55EBE29B45C97004B1D75 /* Events.swift */; };
		36E55EC129B50D23004B1D75 /* Header.swift in Sources */ = {isa = PBXBuildFile; fileRef = 36E55EC029B50D23004B1D75 /* Header.swift */; };
		36E55EC329B51265004B1D75 /* EventManager.swift in Sources */ = {isa = PBXBuildFile; fileRef = 36E55EC229B51265004B1D75 /* EventManager.swift */; };
		36E55EC729B68E83004B1D75 /* SplashView.swift in Sources */ = {isa = PBXBuildFile; fileRef = 36E55EC629B68E83004B1D75 /* SplashView.swift */; };
		36E55ECB29B7B06C004B1D75 /* UserCardView.swift in Sources */ = {isa = PBXBuildFile; fileRef = 36E55ECA29B7B06C004B1D75 /* UserCardView.swift */; };
		36E55ECD29B7C337004B1D75 /* UserPreview.swift in Sources */ = {isa = PBXBuildFile; fileRef = 36E55ECC29B7C337004B1D75 /* UserPreview.swift */; };
		36EDEB9729B926B2004EA37B /* EventCardView.swift in Sources */ = {isa = PBXBuildFile; fileRef = 36EDEB9629B926B2004EA37B /* EventCardView.swift */; };
		36EDEB9929B93164004EA37B /* ProfileHeader.swift in Sources */ = {isa = PBXBuildFile; fileRef = 36EDEB9829B93164004EA37B /* ProfileHeader.swift */; };
/* End PBXBuildFile section */

/* Begin PBXFileReference section */
		3637147629BD5BAD0078698B /* EventInfoView.swift */ = {isa = PBXFileReference; lastKnownFileType = sourcecode.swift; path = EventInfoView.swift; sourceTree = "<group>"; };
		3637147829BE75860078698B /* EventState.swift */ = {isa = PBXFileReference; lastKnownFileType = sourcecode.swift; path = EventState.swift; sourceTree = "<group>"; };
		3637147A29BF98C80078698B /* EventsView.swift */ = {isa = PBXFileReference; fileEncoding = 4; lastKnownFileType = sourcecode.swift; path = EventsView.swift; sourceTree = "<group>"; };
		3637147C29BF98FB0078698B /* HomeView.swift */ = {isa = PBXFileReference; lastKnownFileType = sourcecode.swift; path = HomeView.swift; sourceTree = "<group>"; };
		3637148429BFD2510078698B /* Socials.swift */ = {isa = PBXFileReference; lastKnownFileType = sourcecode.swift; path = Socials.swift; sourceTree = "<group>"; };
		36528BC42996B30C00B5726F /* GirlsTake.app */ = {isa = PBXFileReference; explicitFileType = wrapper.application; includeInIndex = 0; path = GirlsTake.app; sourceTree = BUILT_PRODUCTS_DIR; };
		36528BC72996B30C00B5726F /* GirlsTakeApp.swift */ = {isa = PBXFileReference; lastKnownFileType = sourcecode.swift; path = GirlsTakeApp.swift; sourceTree = "<group>"; };
		36528BCB2996B30D00B5726F /* Assets.xcassets */ = {isa = PBXFileReference; lastKnownFileType = folder.assetcatalog; path = Assets.xcassets; sourceTree = "<group>"; };
		36528BCE2996B30D00B5726F /* Preview Assets.xcassets */ = {isa = PBXFileReference; lastKnownFileType = folder.assetcatalog; path = "Preview Assets.xcassets"; sourceTree = "<group>"; };
		36528BD52996B43900B5726F /* GoogleService-Info.plist */ = {isa = PBXFileReference; fileEncoding = 4; lastKnownFileType = text.plist.xml; path = "GoogleService-Info.plist"; sourceTree = "<group>"; };
		36528C1029975A1300B5726F /* UserProfile.swift */ = {isa = PBXFileReference; lastKnownFileType = sourcecode.swift; path = UserProfile.swift; sourceTree = "<group>"; };
		36932BDE29C2A5A700928542 /* InfoSlideModel.swift */ = {isa = PBXFileReference; lastKnownFileType = sourcecode.swift; path = InfoSlideModel.swift; sourceTree = "<group>"; };
		36932BE029C2A99400928542 /* RegisteringView.swift */ = {isa = PBXFileReference; lastKnownFileType = sourcecode.swift; path = RegisteringView.swift; sourceTree = "<group>"; };
		36932BE429C390D500928542 /* ProfileBadgeArrays.swift */ = {isa = PBXFileReference; lastKnownFileType = sourcecode.swift; path = ProfileBadgeArrays.swift; sourceTree = "<group>"; };
		36932BE729C3963500928542 /* ProfileBadgeView.swift */ = {isa = PBXFileReference; lastKnownFileType = sourcecode.swift; path = ProfileBadgeView.swift; sourceTree = "<group>"; };
		36932BE929C39FD800928542 /* ProfileBadge.swift */ = {isa = PBXFileReference; lastKnownFileType = sourcecode.swift; path = ProfileBadge.swift; sourceTree = "<group>"; };
		36932BF029C4FC0E00928542 /* Martini.json */ = {isa = PBXFileReference; fileEncoding = 4; lastKnownFileType = text.json; path = Martini.json; sourceTree = "<group>"; };
		36932BF229C4FC3000928542 /* Skyline.json */ = {isa = PBXFileReference; fileEncoding = 4; lastKnownFileType = text.json; path = Skyline.json; sourceTree = "<group>"; };
		36932BF429C4FCDD00928542 /* CalendarConfirmation.json */ = {isa = PBXFileReference; fileEncoding = 4; lastKnownFileType = text.json; path = CalendarConfirmation.json; sourceTree = "<group>"; };
		36932BF629C4FCF300928542 /* Calendar.json */ = {isa = PBXFileReference; fileEncoding = 4; lastKnownFileType = text.json; path = Calendar.json; sourceTree = "<group>"; };
		36932BFB29C4FEB300928542 /* OnboardingItem.swift */ = {isa = PBXFileReference; lastKnownFileType = sourcecode.swift; path = OnboardingItem.swift; sourceTree = "<group>"; };
		36932BFD29C4FF1A00928542 /* LottieAnimationView.swift */ = {isa = PBXFileReference; lastKnownFileType = sourcecode.swift; path = LottieAnimationView.swift; sourceTree = "<group>"; };
		36B7E86A29C63EBE001C18EB /* CoreInfoView.swift */ = {isa = PBXFileReference; lastKnownFileType = sourcecode.swift; path = CoreInfoView.swift; sourceTree = "<group>"; };
		36B7E86C29C63F2B001C18EB /* AuthInputView.swift */ = {isa = PBXFileReference; lastKnownFileType = sourcecode.swift; path = AuthInputView.swift; sourceTree = "<group>"; };
		36B7E86E29C63F42001C18EB /* ProfileBadgeInputView.swift */ = {isa = PBXFileReference; lastKnownFileType = sourcecode.swift; path = ProfileBadgeInputView.swift; sourceTree = "<group>"; };
		36B7E87129C63F54001C18EB /* LocationInputView.swift */ = {isa = PBXFileReference; lastKnownFileType = sourcecode.swift; path = LocationInputView.swift; sourceTree = "<group>"; };
		36B7E87329C64895001C18EB /* OnboardingView.swift */ = {isa = PBXFileReference; lastKnownFileType = sourcecode.swift; path = OnboardingView.swift; sourceTree = "<group>"; };
		36B7E87A29C8DD67001C18EB /* DropDown.swift */ = {isa = PBXFileReference; lastKnownFileType = sourcecode.swift; path = DropDown.swift; sourceTree = "<group>"; };
		36B7E88029CA28BE001C18EB /* Info.plist */ = {isa = PBXFileReference; lastKnownFileType = text.plist; path = Info.plist; sourceTree = "<group>"; };
		36B7E88229CA2E4E001C18EB /* Italiana */ = {isa = PBXFileReference; lastKnownFileType = folder; name = Italiana; path = ../../../../../Downloads/Italiana; sourceTree = "<group>"; };
		36B7E88629CA309F001C18EB /* Italiana-Regular.ttf */ = {isa = PBXFileReference; lastKnownFileType = file; name = "Italiana-Regular.ttf"; path = "../../../../../Downloads/Italiana/Italiana-Regular.ttf"; sourceTree = "<group>"; };
		36E55E9B29AE8B10004B1D75 /* UserState.swift */ = {isa = PBXFileReference; lastKnownFileType = sourcecode.swift; path = UserState.swift; sourceTree = "<group>"; };
		36E55E9F29AE8CFC004B1D75 /* LoginView.swift */ = {isa = PBXFileReference; lastKnownFileType = sourcecode.swift; path = LoginView.swift; sourceTree = "<group>"; };
		36E55EA329B01F36004B1D75 /* ProfileView.swift */ = {isa = PBXFileReference; lastKnownFileType = sourcecode.swift; path = ProfileView.swift; sourceTree = "<group>"; };
		36E55EA529B01F51004B1D75 /* EventPage.swift */ = {isa = PBXFileReference; lastKnownFileType = sourcecode.swift; path = EventPage.swift; sourceTree = "<group>"; };
		36E55EA929B055A7004B1D75 /* ContentDelegator.swift */ = {isa = PBXFileReference; lastKnownFileType = sourcecode.swift; path = ContentDelegator.swift; sourceTree = "<group>"; };
		36E55EAD29B05D39004B1D75 /* ContentView.swift */ = {isa = PBXFileReference; lastKnownFileType = sourcecode.swift; path = ContentView.swift; sourceTree = "<group>"; };
		36E55EAF29B06371004B1D75 /* UserBaseManager.swift */ = {isa = PBXFileReference; lastKnownFileType = sourcecode.swift; path = UserBaseManager.swift; sourceTree = "<group>"; };
		36E55EB329B26C1F004B1D75 /* SettingsView.swift */ = {isa = PBXFileReference; lastKnownFileType = sourcecode.swift; path = SettingsView.swift; sourceTree = "<group>"; };
		36E55EB929B29AC5004B1D75 /* DMView.swift */ = {isa = PBXFileReference; lastKnownFileType = sourcecode.swift; path = DMView.swift; sourceTree = "<group>"; };
		36E55EBB29B29AD2004B1D75 /* ModalView.swift */ = {isa = PBXFileReference; lastKnownFileType = sourcecode.swift; path = ModalView.swift; sourceTree = "<group>"; };
		36E55EBE29B45C97004B1D75 /* Events.swift */ = {isa = PBXFileReference; lastKnownFileType = sourcecode.swift; path = Events.swift; sourceTree = "<group>"; };
		36E55EC029B50D23004B1D75 /* Header.swift */ = {isa = PBXFileReference; lastKnownFileType = sourcecode.swift; path = Header.swift; sourceTree = "<group>"; };
		36E55EC229B51265004B1D75 /* EventManager.swift */ = {isa = PBXFileReference; lastKnownFileType = sourcecode.swift; path = EventManager.swift; sourceTree = "<group>"; };
		36E55EC629B68E83004B1D75 /* SplashView.swift */ = {isa = PBXFileReference; lastKnownFileType = sourcecode.swift; path = SplashView.swift; sourceTree = "<group>"; };
		36E55ECA29B7B06C004B1D75 /* UserCardView.swift */ = {isa = PBXFileReference; lastKnownFileType = sourcecode.swift; path = UserCardView.swift; sourceTree = "<group>"; };
		36E55ECC29B7C337004B1D75 /* UserPreview.swift */ = {isa = PBXFileReference; lastKnownFileType = sourcecode.swift; path = UserPreview.swift; sourceTree = "<group>"; };
		36EDEB9629B926B2004EA37B /* EventCardView.swift */ = {isa = PBXFileReference; lastKnownFileType = sourcecode.swift; path = EventCardView.swift; sourceTree = "<group>"; };
		36EDEB9829B93164004EA37B /* ProfileHeader.swift */ = {isa = PBXFileReference; lastKnownFileType = sourcecode.swift; path = ProfileHeader.swift; sourceTree = "<group>"; };
/* End PBXFileReference section */

/* Begin PBXFrameworksBuildPhase section */
		36528BC12996B30C00B5726F /* Frameworks */ = {
			isa = PBXFrameworksBuildPhase;
			buildActionMask = 2147483647;
			files = (
				36528BEB2996B61B00B5726F /* FirebaseDatabase in Frameworks */,
				36528BF92996B61B00B5726F /* FirebaseFunctionsCombine-Community in Frameworks */,
				36528BF12996B61B00B5726F /* FirebaseFirestore in Frameworks */,
				36528BDD2996B61B00B5726F /* FirebaseAnalyticsSwift in Frameworks */,
				36528BD92996B61B00B5726F /* FirebaseAnalytics in Frameworks */,
				36528BDB2996B61B00B5726F /* FirebaseAnalyticsOnDeviceConversion in Frameworks */,
				36528C012996B61B00B5726F /* FirebaseMLModelDownloader in Frameworks */,
				36528BF52996B61B00B5726F /* FirebaseFirestoreSwift in Frameworks */,
				36528BE12996B61B00B5726F /* FirebaseAppCheck in Frameworks */,
				36528BDF2996B61B00B5726F /* FirebaseAnalyticsWithoutAdIdSupport in Frameworks */,
				36528BE52996B61B00B5726F /* FirebaseAuth in Frameworks */,
				36528BE92996B61B00B5726F /* FirebaseCrashlytics in Frameworks */,
				36528C092996B61B00B5726F /* FirebaseRemoteConfigSwift in Frameworks */,
				36528BFB2996B61B00B5726F /* FirebaseInAppMessaging-Beta in Frameworks */,
				36528BED2996B61B00B5726F /* FirebaseDatabaseSwift in Frameworks */,
				36932BED29C4EE3C00928542 /* Lottie in Frameworks */,
				36528BF72996B61B00B5726F /* FirebaseFunctions in Frameworks */,
				36528C0D2996B61B00B5726F /* FirebaseStorageCombine-Community in Frameworks */,
				36528C072996B61B00B5726F /* FirebaseRemoteConfig in Frameworks */,
				36528BE32996B61B00B5726F /* FirebaseAppDistribution-Beta in Frameworks */,
				36528BE72996B61B00B5726F /* FirebaseAuthCombine-Community in Frameworks */,
				36528C052996B61B00B5726F /* FirebasePerformance in Frameworks */,
				36528BFD2996B61B00B5726F /* FirebaseInAppMessagingSwift-Beta in Frameworks */,
				36528C0B2996B61B00B5726F /* FirebaseStorage in Frameworks */,
				36528BEF2996B61B00B5726F /* FirebaseDynamicLinks in Frameworks */,
				36528BF32996B61B00B5726F /* FirebaseFirestoreCombine-Community in Frameworks */,
				36528C032996B61B00B5726F /* FirebaseMessaging in Frameworks */,
				36528BFF2996B61B00B5726F /* FirebaseInstallations in Frameworks */,
			);
			runOnlyForDeploymentPostprocessing = 0;
		};
/* End PBXFrameworksBuildPhase section */

/* Begin PBXGroup section */
		3637147E29BF99450078698B /* Events */ = {
			isa = PBXGroup;
			children = (
				3637147A29BF98C80078698B /* EventsView.swift */,
				36E55EA529B01F51004B1D75 /* EventPage.swift */,
				36E55EC229B51265004B1D75 /* EventManager.swift */,
				3637147F29BF99870078698B /* Components */,
			);
			path = Events;
			sourceTree = "<group>";
		};
		3637147F29BF99870078698B /* Components */ = {
			isa = PBXGroup;
			children = (
				36EDEB9629B926B2004EA37B /* EventCardView.swift */,
				3637147629BD5BAD0078698B /* EventInfoView.swift */,
			);
			path = Components;
			sourceTree = "<group>";
		};
		3637148029BF9A630078698B /* User */ = {
			isa = PBXGroup;
			children = (
				36E55E9B29AE8B10004B1D75 /* UserState.swift */,
				36528C1029975A1300B5726F /* UserProfile.swift */,
				36E55ECC29B7C337004B1D75 /* UserPreview.swift */,
				36E55EAF29B06371004B1D75 /* UserBaseManager.swift */,
				36E55ECA29B7B06C004B1D75 /* UserCardView.swift */,
			);
			path = User;
			sourceTree = "<group>";
		};
		3637148129BF9A6A0078698B /* Event */ = {
			isa = PBXGroup;
			children = (
				3637147829BE75860078698B /* EventState.swift */,
				36E55EBE29B45C97004B1D75 /* Events.swift */,
			);
			path = Event;
			sourceTree = "<group>";
		};
		3637148229BF9AF10078698B /* Profile */ = {
			isa = PBXGroup;
			children = (
				36E55EA329B01F36004B1D75 /* ProfileView.swift */,
				3637148429BFD2510078698B /* Socials.swift */,
			);
			path = Profile;
			sourceTree = "<group>";
		};
		3637148329BF9B000078698B /* Home */ = {
			isa = PBXGroup;
			children = (
				3637147C29BF98FB0078698B /* HomeView.swift */,
			);
			path = Home;
			sourceTree = "<group>";
		};
		36528BBB2996B30C00B5726F = {
			isa = PBXGroup;
			children = (
				36528BC62996B30C00B5726F /* GirlsTake */,
				36528BC52996B30C00B5726F /* Products */,
			);
			sourceTree = "<group>";
		};
		36528BC52996B30C00B5726F /* Products */ = {
			isa = PBXGroup;
			children = (
				36528BC42996B30C00B5726F /* GirlsTake.app */,
			);
			name = Products;
			sourceTree = "<group>";
		};
		36528BC62996B30C00B5726F /* GirlsTake */ = {
			isa = PBXGroup;
			children = (
				36B7E88029CA28BE001C18EB /* Info.plist */,
				36528BC72996B30C00B5726F /* GirlsTakeApp.swift */,
				36E55EA929B055A7004B1D75 /* ContentDelegator.swift */,
				36E55EA729B054D7004B1D75 /* Base */,
				36E55EA829B0551B004B1D75 /* AppContents */,
				36E55EBD29B29ADD004B1D75 /* MenuItems */,
				36E55EB829B2829B004B1D75 /* Models */,
				36E55EB729B28175004B1D75 /* Components */,
				36B7E88129CA2951001C18EB /* Assets */,
				36528BD52996B43900B5726F /* GoogleService-Info.plist */,
				36528BCD2996B30D00B5726F /* Preview Content */,
			);
			path = GirlsTake;
			sourceTree = "<group>";
		};
		36528BCD2996B30D00B5726F /* Preview Content */ = {
			isa = PBXGroup;
			children = (
				36528BCE2996B30D00B5726F /* Preview Assets.xcassets */,
			);
			path = "Preview Content";
			sourceTree = "<group>";
		};
		36932BE229C3908D00928542 /* Onboarding */ = {
			isa = PBXGroup;
			children = (
				36B7E87329C64895001C18EB /* OnboardingView.swift */,
				36932BFB29C4FEB300928542 /* OnboardingItem.swift */,
			);
			path = Onboarding;
			sourceTree = "<group>";
		};
		36932BE329C3909800928542 /* Splash */ = {
			isa = PBXGroup;
			children = (
				36E55EC629B68E83004B1D75 /* SplashView.swift */,
			);
			path = Splash;
			sourceTree = "<group>";
		};
		36932BEF29C4FBEB00928542 /* Animations */ = {
			isa = PBXGroup;
			children = (
				36932BF029C4FC0E00928542 /* Martini.json */,
				36932BF629C4FCF300928542 /* Calendar.json */,
				36932BF429C4FCDD00928542 /* CalendarConfirmation.json */,
				36932BF229C4FC3000928542 /* Skyline.json */,
				36932BFD29C4FF1A00928542 /* LottieAnimationView.swift */,
			);
			path = Animations;
			sourceTree = "<group>";
		};
		36932BF829C4FE9100928542 /* Registration */ = {
			isa = PBXGroup;
			children = (
				36932BFF29C63D2500928542 /* InfoSlideViews */,
				36932BE029C2A99400928542 /* RegisteringView.swift */,
			);
			path = Registration;
			sourceTree = "<group>";
		};
		36932BFF29C63D2500928542 /* InfoSlideViews */ = {
			isa = PBXGroup;
			children = (
				36932BDE29C2A5A700928542 /* InfoSlideModel.swift */,
				36B7E86C29C63F2B001C18EB /* AuthInputView.swift */,
				36B7E86A29C63EBE001C18EB /* CoreInfoView.swift */,
				36B7E86E29C63F42001C18EB /* ProfileBadgeInputView.swift */,
				36B7E87129C63F54001C18EB /* LocationInputView.swift */,
			);
			name = InfoSlideViews;
			sourceTree = "<group>";
		};
		36B7E87929C7C70A001C18EB /* ProfileBadge */ = {
			isa = PBXGroup;
			children = (
				36932BE429C390D500928542 /* ProfileBadgeArrays.swift */,
				36932BE929C39FD800928542 /* ProfileBadge.swift */,
				36932BE729C3963500928542 /* ProfileBadgeView.swift */,
			);
			path = ProfileBadge;
			sourceTree = "<group>";
		};
		36B7E87D29CA2781001C18EB /* Fonts */ = {
			isa = PBXGroup;
			children = (
				36B7E88629CA309F001C18EB /* Italiana-Regular.ttf */,
				36B7E88229CA2E4E001C18EB /* Italiana */,
			);
			path = Fonts;
			sourceTree = "<group>";
		};
		36B7E88129CA2951001C18EB /* Assets */ = {
			isa = PBXGroup;
			children = (
				36528BCB2996B30D00B5726F /* Assets.xcassets */,
				36B7E87D29CA2781001C18EB /* Fonts */,
				36932BEF29C4FBEB00928542 /* Animations */,
			);
			path = Assets;
			sourceTree = "<group>";
		};
		36E55EA729B054D7004B1D75 /* Base */ = {
			isa = PBXGroup;
			children = (
				36E55E9F29AE8CFC004B1D75 /* LoginView.swift */,
				36932BF829C4FE9100928542 /* Registration */,
			);
			path = Base;
			sourceTree = "<group>";
		};
		36E55EA829B0551B004B1D75 /* AppContents */ = {
			isa = PBXGroup;
			children = (
				36E55EAD29B05D39004B1D75 /* ContentView.swift */,
				3637148329BF9B000078698B /* Home */,
				3637147E29BF99450078698B /* Events */,
				3637148229BF9AF10078698B /* Profile */,
			);
			path = AppContents;
			sourceTree = "<group>";
		};
		36E55EB729B28175004B1D75 /* Components */ = {
			isa = PBXGroup;
			children = (
				36B7E87929C7C70A001C18EB /* ProfileBadge */,
				36E55EC029B50D23004B1D75 /* Header.swift */,
				36EDEB9829B93164004EA37B /* ProfileHeader.swift */,
				36B7E87A29C8DD67001C18EB /* DropDown.swift */,
			);
			path = Components;
			sourceTree = "<group>";
		};
		36E55EB829B2829B004B1D75 /* Models */ = {
			isa = PBXGroup;
			children = (
				3637148029BF9A630078698B /* User */,
				3637148129BF9A6A0078698B /* Event */,
			);
			path = Models;
			sourceTree = "<group>";
		};
		36E55EBD29B29ADD004B1D75 /* MenuItems */ = {
			isa = PBXGroup;
			children = (
				36932BE329C3909800928542 /* Splash */,
				36E55EB329B26C1F004B1D75 /* SettingsView.swift */,
				36E55EBB29B29AD2004B1D75 /* ModalView.swift */,
				36E55EB929B29AC5004B1D75 /* DMView.swift */,
				36932BE229C3908D00928542 /* Onboarding */,
			);
			path = MenuItems;
			sourceTree = "<group>";
		};
/* End PBXGroup section */

/* Begin PBXNativeTarget section */
		36528BC32996B30C00B5726F /* GirlsTake */ = {
			isa = PBXNativeTarget;
			buildConfigurationList = 36528BD22996B30D00B5726F /* Build configuration list for PBXNativeTarget "GirlsTake" */;
			buildPhases = (
				36528BC02996B30C00B5726F /* Sources */,
				36528BC12996B30C00B5726F /* Frameworks */,
				36528BC22996B30C00B5726F /* Resources */,
			);
			buildRules = (
			);
			dependencies = (
			);
			name = GirlsTake;
			packageProductDependencies = (
				36528BD82996B61B00B5726F /* FirebaseAnalytics */,
				36528BDA2996B61B00B5726F /* FirebaseAnalyticsOnDeviceConversion */,
				36528BDC2996B61B00B5726F /* FirebaseAnalyticsSwift */,
				36528BDE2996B61B00B5726F /* FirebaseAnalyticsWithoutAdIdSupport */,
				36528BE02996B61B00B5726F /* FirebaseAppCheck */,
				36528BE22996B61B00B5726F /* FirebaseAppDistribution-Beta */,
				36528BE42996B61B00B5726F /* FirebaseAuth */,
				36528BE62996B61B00B5726F /* FirebaseAuthCombine-Community */,
				36528BE82996B61B00B5726F /* FirebaseCrashlytics */,
				36528BEA2996B61B00B5726F /* FirebaseDatabase */,
				36528BEC2996B61B00B5726F /* FirebaseDatabaseSwift */,
				36528BEE2996B61B00B5726F /* FirebaseDynamicLinks */,
				36528BF02996B61B00B5726F /* FirebaseFirestore */,
				36528BF22996B61B00B5726F /* FirebaseFirestoreCombine-Community */,
				36528BF42996B61B00B5726F /* FirebaseFirestoreSwift */,
				36528BF62996B61B00B5726F /* FirebaseFunctions */,
				36528BF82996B61B00B5726F /* FirebaseFunctionsCombine-Community */,
				36528BFA2996B61B00B5726F /* FirebaseInAppMessaging-Beta */,
				36528BFC2996B61B00B5726F /* FirebaseInAppMessagingSwift-Beta */,
				36528BFE2996B61B00B5726F /* FirebaseInstallations */,
				36528C002996B61B00B5726F /* FirebaseMLModelDownloader */,
				36528C022996B61B00B5726F /* FirebaseMessaging */,
				36528C042996B61B00B5726F /* FirebasePerformance */,
				36528C062996B61B00B5726F /* FirebaseRemoteConfig */,
				36528C082996B61B00B5726F /* FirebaseRemoteConfigSwift */,
				36528C0A2996B61B00B5726F /* FirebaseStorage */,
				36528C0C2996B61B00B5726F /* FirebaseStorageCombine-Community */,
				36932BEC29C4EE3C00928542 /* Lottie */,
			);
			productName = GirlsTake;
			productReference = 36528BC42996B30C00B5726F /* GirlsTake.app */;
			productType = "com.apple.product-type.application";
		};
/* End PBXNativeTarget section */

/* Begin PBXProject section */
		36528BBC2996B30C00B5726F /* Project object */ = {
			isa = PBXProject;
			attributes = {
				BuildIndependentTargetsInParallel = 1;
				LastSwiftUpdateCheck = 1420;
				LastUpgradeCheck = 1420;
				TargetAttributes = {
					36528BC32996B30C00B5726F = {
						CreatedOnToolsVersion = 14.2;
					};
				};
			};
			buildConfigurationList = 36528BBF2996B30C00B5726F /* Build configuration list for PBXProject "GirlsTake" */;
			compatibilityVersion = "Xcode 14.0";
			developmentRegion = en;
			hasScannedForEncodings = 0;
			knownRegions = (
				en,
				Base,
			);
			mainGroup = 36528BBB2996B30C00B5726F;
			packageReferences = (
				36528BD72996B61B00B5726F /* XCRemoteSwiftPackageReference "firebase-ios-sdk" */,
				36932BEB29C4EE3C00928542 /* XCRemoteSwiftPackageReference "lottie-ios" */,
			);
			productRefGroup = 36528BC52996B30C00B5726F /* Products */;
			projectDirPath = "";
			projectRoot = "";
			targets = (
				36528BC32996B30C00B5726F /* GirlsTake */,
			);
		};
/* End PBXProject section */

/* Begin PBXResourcesBuildPhase section */
		36528BC22996B30C00B5726F /* Resources */ = {
			isa = PBXResourcesBuildPhase;
			buildActionMask = 2147483647;
			files = (
				36932BF729C4FCF300928542 /* Calendar.json in Resources */,
				36932BF529C4FCDD00928542 /* CalendarConfirmation.json in Resources */,
				36932BF129C4FC0E00928542 /* Martini.json in Resources */,
				36B7E88329CA2E4E001C18EB /* Italiana in Resources */,
				36932BF329C4FC3000928542 /* Skyline.json in Resources */,
				36528BCF2996B30D00B5726F /* Preview Assets.xcassets in Resources */,
				36528BCC2996B30D00B5726F /* Assets.xcassets in Resources */,
				36528BD62996B43900B5726F /* GoogleService-Info.plist in Resources */,
				36B7E88729CA309F001C18EB /* Italiana-Regular.ttf in Resources */,
			);
			runOnlyForDeploymentPostprocessing = 0;
		};
/* End PBXResourcesBuildPhase section */

/* Begin PBXSourcesBuildPhase section */
		36528BC02996B30C00B5726F /* Sources */ = {
			isa = PBXSourcesBuildPhase;
			buildActionMask = 2147483647;
			files = (
				36B7E87229C63F54001C18EB /* LocationInputView.swift in Sources */,
				3637148529BFD2510078698B /* Socials.swift in Sources */,
				36E55EC129B50D23004B1D75 /* Header.swift in Sources */,
				36E55E9C29AE8B10004B1D75 /* UserState.swift in Sources */,
				36932BE829C3963500928542 /* ProfileBadgeView.swift in Sources */,
				36932BFE29C4FF1A00928542 /* LottieAnimationView.swift in Sources */,
				36E55EA029AE8CFC004B1D75 /* LoginView.swift in Sources */,
				36E55EBA29B29AC5004B1D75 /* DMView.swift in Sources */,
				36932BDF29C2A5A700928542 /* InfoSlideModel.swift in Sources */,
				36E55EB029B06371004B1D75 /* UserBaseManager.swift in Sources */,
				36528C1129975A1300B5726F /* UserProfile.swift in Sources */,
				36E55ECB29B7B06C004B1D75 /* UserCardView.swift in Sources */,
				36E55EC329B51265004B1D75 /* EventManager.swift in Sources */,
				36E55EAA29B055A7004B1D75 /* ContentDelegator.swift in Sources */,
				36B7E87B29C8DD67001C18EB /* DropDown.swift in Sources */,
				36E55EA629B01F51004B1D75 /* EventPage.swift in Sources */,
				3637147729BD5BAD0078698B /* EventInfoView.swift in Sources */,
				36B7E86D29C63F2B001C18EB /* AuthInputView.swift in Sources */,
				36932BEA29C39FD800928542 /* ProfileBadge.swift in Sources */,
				36B7E86F29C63F42001C18EB /* ProfileBadgeInputView.swift in Sources */,
				36932BE129C2A99400928542 /* RegisteringView.swift in Sources */,
				36E55EBC29B29AD2004B1D75 /* ModalView.swift in Sources */,
				3637147B29BF98C80078698B /* EventsView.swift in Sources */,
				36E55EBF29B45C97004B1D75 /* Events.swift in Sources */,
				36B7E86B29C63EBE001C18EB /* CoreInfoView.swift in Sources */,
				36E55EAE29B05D39004B1D75 /* ContentView.swift in Sources */,
				3637147D29BF98FB0078698B /* HomeView.swift in Sources */,
				36B7E87429C64895001C18EB /* OnboardingView.swift in Sources */,
				36E55EC729B68E83004B1D75 /* SplashView.swift in Sources */,
				36E55ECD29B7C337004B1D75 /* UserPreview.swift in Sources */,
				36932BE529C390D500928542 /* ProfileBadgeArrays.swift in Sources */,
				36EDEB9729B926B2004EA37B /* EventCardView.swift in Sources */,
				3637147929BE75860078698B /* EventState.swift in Sources */,
				36932BFC29C4FEB300928542 /* OnboardingItem.swift in Sources */,
				36E55EB429B26C1F004B1D75 /* SettingsView.swift in Sources */,
				36E55EA429B01F36004B1D75 /* ProfileView.swift in Sources */,
				36EDEB9929B93164004EA37B /* ProfileHeader.swift in Sources */,
				36528BC82996B30C00B5726F /* GirlsTakeApp.swift in Sources */,
			);
			runOnlyForDeploymentPostprocessing = 0;
		};
/* End PBXSourcesBuildPhase section */

/* Begin XCBuildConfiguration section */
		36528BD02996B30D00B5726F /* Debug */ = {
			isa = XCBuildConfiguration;
			buildSettings = {
				ALWAYS_SEARCH_USER_PATHS = NO;
				CLANG_ANALYZER_NONNULL = YES;
				CLANG_ANALYZER_NUMBER_OBJECT_CONVERSION = YES_AGGRESSIVE;
				CLANG_CXX_LANGUAGE_STANDARD = "gnu++20";
				CLANG_ENABLE_MODULES = YES;
				CLANG_ENABLE_OBJC_ARC = YES;
				CLANG_ENABLE_OBJC_WEAK = YES;
				CLANG_WARN_BLOCK_CAPTURE_AUTORELEASING = YES;
				CLANG_WARN_BOOL_CONVERSION = YES;
				CLANG_WARN_COMMA = YES;
				CLANG_WARN_CONSTANT_CONVERSION = YES;
				CLANG_WARN_DEPRECATED_OBJC_IMPLEMENTATIONS = YES;
				CLANG_WARN_DIRECT_OBJC_ISA_USAGE = YES_ERROR;
				CLANG_WARN_DOCUMENTATION_COMMENTS = YES;
				CLANG_WARN_EMPTY_BODY = YES;
				CLANG_WARN_ENUM_CONVERSION = YES;
				CLANG_WARN_INFINITE_RECURSION = YES;
				CLANG_WARN_INT_CONVERSION = YES;
				CLANG_WARN_NON_LITERAL_NULL_CONVERSION = YES;
				CLANG_WARN_OBJC_IMPLICIT_RETAIN_SELF = YES;
				CLANG_WARN_OBJC_LITERAL_CONVERSION = YES;
				CLANG_WARN_OBJC_ROOT_CLASS = YES_ERROR;
				CLANG_WARN_QUOTED_INCLUDE_IN_FRAMEWORK_HEADER = YES;
				CLANG_WARN_RANGE_LOOP_ANALYSIS = YES;
				CLANG_WARN_STRICT_PROTOTYPES = YES;
				CLANG_WARN_SUSPICIOUS_MOVE = YES;
				CLANG_WARN_UNGUARDED_AVAILABILITY = YES_AGGRESSIVE;
				CLANG_WARN_UNREACHABLE_CODE = YES;
				CLANG_WARN__DUPLICATE_METHOD_MATCH = YES;
				COPY_PHASE_STRIP = NO;
				DEBUG_INFORMATION_FORMAT = dwarf;
				ENABLE_STRICT_OBJC_MSGSEND = YES;
				ENABLE_TESTABILITY = YES;
				GCC_C_LANGUAGE_STANDARD = gnu11;
				GCC_DYNAMIC_NO_PIC = NO;
				GCC_NO_COMMON_BLOCKS = YES;
				GCC_OPTIMIZATION_LEVEL = 0;
				GCC_PREPROCESSOR_DEFINITIONS = (
					"DEBUG=1",
					"$(inherited)",
				);
				GCC_WARN_64_TO_32_BIT_CONVERSION = YES;
				GCC_WARN_ABOUT_RETURN_TYPE = YES_ERROR;
				GCC_WARN_UNDECLARED_SELECTOR = YES;
				GCC_WARN_UNINITIALIZED_AUTOS = YES_AGGRESSIVE;
				GCC_WARN_UNUSED_FUNCTION = YES;
				GCC_WARN_UNUSED_VARIABLE = YES;
				IPHONEOS_DEPLOYMENT_TARGET = 16.2;
				MTL_ENABLE_DEBUG_INFO = INCLUDE_SOURCE;
				MTL_FAST_MATH = YES;
				ONLY_ACTIVE_ARCH = YES;
				SDKROOT = iphoneos;
				SWIFT_ACTIVE_COMPILATION_CONDITIONS = DEBUG;
				SWIFT_OPTIMIZATION_LEVEL = "-Onone";
			};
			name = Debug;
		};
		36528BD12996B30D00B5726F /* Release */ = {
			isa = XCBuildConfiguration;
			buildSettings = {
				ALWAYS_SEARCH_USER_PATHS = NO;
				CLANG_ANALYZER_NONNULL = YES;
				CLANG_ANALYZER_NUMBER_OBJECT_CONVERSION = YES_AGGRESSIVE;
				CLANG_CXX_LANGUAGE_STANDARD = "gnu++20";
				CLANG_ENABLE_MODULES = YES;
				CLANG_ENABLE_OBJC_ARC = YES;
				CLANG_ENABLE_OBJC_WEAK = YES;
				CLANG_WARN_BLOCK_CAPTURE_AUTORELEASING = YES;
				CLANG_WARN_BOOL_CONVERSION = YES;
				CLANG_WARN_COMMA = YES;
				CLANG_WARN_CONSTANT_CONVERSION = YES;
				CLANG_WARN_DEPRECATED_OBJC_IMPLEMENTATIONS = YES;
				CLANG_WARN_DIRECT_OBJC_ISA_USAGE = YES_ERROR;
				CLANG_WARN_DOCUMENTATION_COMMENTS = YES;
				CLANG_WARN_EMPTY_BODY = YES;
				CLANG_WARN_ENUM_CONVERSION = YES;
				CLANG_WARN_INFINITE_RECURSION = YES;
				CLANG_WARN_INT_CONVERSION = YES;
				CLANG_WARN_NON_LITERAL_NULL_CONVERSION = YES;
				CLANG_WARN_OBJC_IMPLICIT_RETAIN_SELF = YES;
				CLANG_WARN_OBJC_LITERAL_CONVERSION = YES;
				CLANG_WARN_OBJC_ROOT_CLASS = YES_ERROR;
				CLANG_WARN_QUOTED_INCLUDE_IN_FRAMEWORK_HEADER = YES;
				CLANG_WARN_RANGE_LOOP_ANALYSIS = YES;
				CLANG_WARN_STRICT_PROTOTYPES = YES;
				CLANG_WARN_SUSPICIOUS_MOVE = YES;
				CLANG_WARN_UNGUARDED_AVAILABILITY = YES_AGGRESSIVE;
				CLANG_WARN_UNREACHABLE_CODE = YES;
				CLANG_WARN__DUPLICATE_METHOD_MATCH = YES;
				COPY_PHASE_STRIP = NO;
				DEBUG_INFORMATION_FORMAT = "dwarf-with-dsym";
				ENABLE_NS_ASSERTIONS = NO;
				ENABLE_STRICT_OBJC_MSGSEND = YES;
				GCC_C_LANGUAGE_STANDARD = gnu11;
				GCC_NO_COMMON_BLOCKS = YES;
				GCC_WARN_64_TO_32_BIT_CONVERSION = YES;
				GCC_WARN_ABOUT_RETURN_TYPE = YES_ERROR;
				GCC_WARN_UNDECLARED_SELECTOR = YES;
				GCC_WARN_UNINITIALIZED_AUTOS = YES_AGGRESSIVE;
				GCC_WARN_UNUSED_FUNCTION = YES;
				GCC_WARN_UNUSED_VARIABLE = YES;
				IPHONEOS_DEPLOYMENT_TARGET = 16.2;
				MTL_ENABLE_DEBUG_INFO = NO;
				MTL_FAST_MATH = YES;
				SDKROOT = iphoneos;
				SWIFT_COMPILATION_MODE = wholemodule;
				SWIFT_OPTIMIZATION_LEVEL = "-O";
				VALIDATE_PRODUCT = YES;
			};
			name = Release;
		};
		36528BD32996B30D00B5726F /* Debug */ = {
			isa = XCBuildConfiguration;
			buildSettings = {
				ASSETCATALOG_COMPILER_APPICON_NAME = AppIcon;
				ASSETCATALOG_COMPILER_GLOBAL_ACCENT_COLOR_NAME = AccentColor;
				CODE_SIGN_STYLE = Automatic;
				CURRENT_PROJECT_VERSION = 1;
				DEVELOPMENT_ASSET_PATHS = "\"GirlsTake/Preview Content\"";
				DEVELOPMENT_TEAM = 6875G4W5DT;
				ENABLE_PREVIEWS = YES;
				GENERATE_INFOPLIST_FILE = YES;
				INFOPLIST_FILE = GirlsTake/Info.plist;
				INFOPLIST_KEY_UIApplicationSceneManifest_Generation = YES;
				INFOPLIST_KEY_UIApplicationSupportsIndirectInputEvents = YES;
				INFOPLIST_KEY_UILaunchScreen_Generation = YES;
				INFOPLIST_KEY_UISupportedInterfaceOrientations_iPad = "UIInterfaceOrientationPortrait UIInterfaceOrientationPortraitUpsideDown UIInterfaceOrientationLandscapeLeft UIInterfaceOrientationLandscapeRight";
				INFOPLIST_KEY_UISupportedInterfaceOrientations_iPhone = "UIInterfaceOrientationPortrait UIInterfaceOrientationLandscapeLeft UIInterfaceOrientationLandscapeRight";
				LD_RUNPATH_SEARCH_PATHS = (
					"$(inherited)",
					"@executable_path/Frameworks",
				);
				MARKETING_VERSION = 1.0;
				PRODUCT_BUNDLE_IDENTIFIER = "com.promote-her.GirlsTake";
				PRODUCT_NAME = "$(TARGET_NAME)";
				SWIFT_EMIT_LOC_STRINGS = YES;
				SWIFT_VERSION = 5.0;
				TARGETED_DEVICE_FAMILY = "1,2";
			};
			name = Debug;
		};
		36528BD42996B30D00B5726F /* Release */ = {
			isa = XCBuildConfiguration;
			buildSettings = {
				ASSETCATALOG_COMPILER_APPICON_NAME = AppIcon;
				ASSETCATALOG_COMPILER_GLOBAL_ACCENT_COLOR_NAME = AccentColor;
				CODE_SIGN_STYLE = Automatic;
				CURRENT_PROJECT_VERSION = 1;
				DEVELOPMENT_ASSET_PATHS = "\"GirlsTake/Preview Content\"";
				DEVELOPMENT_TEAM = 6875G4W5DT;
				ENABLE_PREVIEWS = YES;
				GENERATE_INFOPLIST_FILE = YES;
				INFOPLIST_FILE = GirlsTake/Info.plist;
				INFOPLIST_KEY_UIApplicationSceneManifest_Generation = YES;
				INFOPLIST_KEY_UIApplicationSupportsIndirectInputEvents = YES;
				INFOPLIST_KEY_UILaunchScreen_Generation = YES;
				INFOPLIST_KEY_UISupportedInterfaceOrientations_iPad = "UIInterfaceOrientationPortrait UIInterfaceOrientationPortraitUpsideDown UIInterfaceOrientationLandscapeLeft UIInterfaceOrientationLandscapeRight";
				INFOPLIST_KEY_UISupportedInterfaceOrientations_iPhone = "UIInterfaceOrientationPortrait UIInterfaceOrientationLandscapeLeft UIInterfaceOrientationLandscapeRight";
				LD_RUNPATH_SEARCH_PATHS = (
					"$(inherited)",
					"@executable_path/Frameworks",
				);
				MARKETING_VERSION = 1.0;
				PRODUCT_BUNDLE_IDENTIFIER = "com.promote-her.GirlsTake";
				PRODUCT_NAME = "$(TARGET_NAME)";
				SWIFT_EMIT_LOC_STRINGS = YES;
				SWIFT_VERSION = 5.0;
				TARGETED_DEVICE_FAMILY = "1,2";
			};
			name = Release;
		};
/* End XCBuildConfiguration section */

/* Begin XCConfigurationList section */
		36528BBF2996B30C00B5726F /* Build configuration list for PBXProject "GirlsTake" */ = {
			isa = XCConfigurationList;
			buildConfigurations = (
				36528BD02996B30D00B5726F /* Debug */,
				36528BD12996B30D00B5726F /* Release */,
			);
			defaultConfigurationIsVisible = 0;
			defaultConfigurationName = Release;
		};
		36528BD22996B30D00B5726F /* Build configuration list for PBXNativeTarget "GirlsTake" */ = {
			isa = XCConfigurationList;
			buildConfigurations = (
				36528BD32996B30D00B5726F /* Debug */,
				36528BD42996B30D00B5726F /* Release */,
			);
			defaultConfigurationIsVisible = 0;
			defaultConfigurationName = Release;
		};
/* End XCConfigurationList section */

/* Begin XCRemoteSwiftPackageReference section */
		36528BD72996B61B00B5726F /* XCRemoteSwiftPackageReference "firebase-ios-sdk" */ = {
			isa = XCRemoteSwiftPackageReference;
			repositoryURL = "https://github.com/firebase/firebase-ios-sdk.git";
			requirement = {
				kind = upToNextMajorVersion;
				minimumVersion = 9.0.0;
			};
		};
		36932BEB29C4EE3C00928542 /* XCRemoteSwiftPackageReference "lottie-ios" */ = {
			isa = XCRemoteSwiftPackageReference;
			repositoryURL = "https://github.com/airbnb/lottie-ios";
			requirement = {
				kind = upToNextMajorVersion;
				minimumVersion = 4.0.0;
			};
		};
/* End XCRemoteSwiftPackageReference section */

/* Begin XCSwiftPackageProductDependency section */
		36528BD82996B61B00B5726F /* FirebaseAnalytics */ = {
			isa = XCSwiftPackageProductDependency;
			package = 36528BD72996B61B00B5726F /* XCRemoteSwiftPackageReference "firebase-ios-sdk" */;
			productName = FirebaseAnalytics;
		};
		36528BDA2996B61B00B5726F /* FirebaseAnalyticsOnDeviceConversion */ = {
			isa = XCSwiftPackageProductDependency;
			package = 36528BD72996B61B00B5726F /* XCRemoteSwiftPackageReference "firebase-ios-sdk" */;
			productName = FirebaseAnalyticsOnDeviceConversion;
		};
		36528BDC2996B61B00B5726F /* FirebaseAnalyticsSwift */ = {
			isa = XCSwiftPackageProductDependency;
			package = 36528BD72996B61B00B5726F /* XCRemoteSwiftPackageReference "firebase-ios-sdk" */;
			productName = FirebaseAnalyticsSwift;
		};
		36528BDE2996B61B00B5726F /* FirebaseAnalyticsWithoutAdIdSupport */ = {
			isa = XCSwiftPackageProductDependency;
			package = 36528BD72996B61B00B5726F /* XCRemoteSwiftPackageReference "firebase-ios-sdk" */;
			productName = FirebaseAnalyticsWithoutAdIdSupport;
		};
		36528BE02996B61B00B5726F /* FirebaseAppCheck */ = {
			isa = XCSwiftPackageProductDependency;
			package = 36528BD72996B61B00B5726F /* XCRemoteSwiftPackageReference "firebase-ios-sdk" */;
			productName = FirebaseAppCheck;
		};
		36528BE22996B61B00B5726F /* FirebaseAppDistribution-Beta */ = {
			isa = XCSwiftPackageProductDependency;
			package = 36528BD72996B61B00B5726F /* XCRemoteSwiftPackageReference "firebase-ios-sdk" */;
			productName = "FirebaseAppDistribution-Beta";
		};
		36528BE42996B61B00B5726F /* FirebaseAuth */ = {
			isa = XCSwiftPackageProductDependency;
			package = 36528BD72996B61B00B5726F /* XCRemoteSwiftPackageReference "firebase-ios-sdk" */;
			productName = FirebaseAuth;
		};
		36528BE62996B61B00B5726F /* FirebaseAuthCombine-Community */ = {
			isa = XCSwiftPackageProductDependency;
			package = 36528BD72996B61B00B5726F /* XCRemoteSwiftPackageReference "firebase-ios-sdk" */;
			productName = "FirebaseAuthCombine-Community";
		};
		36528BE82996B61B00B5726F /* FirebaseCrashlytics */ = {
			isa = XCSwiftPackageProductDependency;
			package = 36528BD72996B61B00B5726F /* XCRemoteSwiftPackageReference "firebase-ios-sdk" */;
			productName = FirebaseCrashlytics;
		};
		36528BEA2996B61B00B5726F /* FirebaseDatabase */ = {
			isa = XCSwiftPackageProductDependency;
			package = 36528BD72996B61B00B5726F /* XCRemoteSwiftPackageReference "firebase-ios-sdk" */;
			productName = FirebaseDatabase;
		};
		36528BEC2996B61B00B5726F /* FirebaseDatabaseSwift */ = {
			isa = XCSwiftPackageProductDependency;
			package = 36528BD72996B61B00B5726F /* XCRemoteSwiftPackageReference "firebase-ios-sdk" */;
			productName = FirebaseDatabaseSwift;
		};
		36528BEE2996B61B00B5726F /* FirebaseDynamicLinks */ = {
			isa = XCSwiftPackageProductDependency;
			package = 36528BD72996B61B00B5726F /* XCRemoteSwiftPackageReference "firebase-ios-sdk" */;
			productName = FirebaseDynamicLinks;
		};
		36528BF02996B61B00B5726F /* FirebaseFirestore */ = {
			isa = XCSwiftPackageProductDependency;
			package = 36528BD72996B61B00B5726F /* XCRemoteSwiftPackageReference "firebase-ios-sdk" */;
			productName = FirebaseFirestore;
		};
		36528BF22996B61B00B5726F /* FirebaseFirestoreCombine-Community */ = {
			isa = XCSwiftPackageProductDependency;
			package = 36528BD72996B61B00B5726F /* XCRemoteSwiftPackageReference "firebase-ios-sdk" */;
			productName = "FirebaseFirestoreCombine-Community";
		};
		36528BF42996B61B00B5726F /* FirebaseFirestoreSwift */ = {
			isa = XCSwiftPackageProductDependency;
			package = 36528BD72996B61B00B5726F /* XCRemoteSwiftPackageReference "firebase-ios-sdk" */;
			productName = FirebaseFirestoreSwift;
		};
		36528BF62996B61B00B5726F /* FirebaseFunctions */ = {
			isa = XCSwiftPackageProductDependency;
			package = 36528BD72996B61B00B5726F /* XCRemoteSwiftPackageReference "firebase-ios-sdk" */;
			productName = FirebaseFunctions;
		};
		36528BF82996B61B00B5726F /* FirebaseFunctionsCombine-Community */ = {
			isa = XCSwiftPackageProductDependency;
			package = 36528BD72996B61B00B5726F /* XCRemoteSwiftPackageReference "firebase-ios-sdk" */;
			productName = "FirebaseFunctionsCombine-Community";
		};
		36528BFA2996B61B00B5726F /* FirebaseInAppMessaging-Beta */ = {
			isa = XCSwiftPackageProductDependency;
			package = 36528BD72996B61B00B5726F /* XCRemoteSwiftPackageReference "firebase-ios-sdk" */;
			productName = "FirebaseInAppMessaging-Beta";
		};
		36528BFC2996B61B00B5726F /* FirebaseInAppMessagingSwift-Beta */ = {
			isa = XCSwiftPackageProductDependency;
			package = 36528BD72996B61B00B5726F /* XCRemoteSwiftPackageReference "firebase-ios-sdk" */;
			productName = "FirebaseInAppMessagingSwift-Beta";
		};
		36528BFE2996B61B00B5726F /* FirebaseInstallations */ = {
			isa = XCSwiftPackageProductDependency;
			package = 36528BD72996B61B00B5726F /* XCRemoteSwiftPackageReference "firebase-ios-sdk" */;
			productName = FirebaseInstallations;
		};
		36528C002996B61B00B5726F /* FirebaseMLModelDownloader */ = {
			isa = XCSwiftPackageProductDependency;
			package = 36528BD72996B61B00B5726F /* XCRemoteSwiftPackageReference "firebase-ios-sdk" */;
			productName = FirebaseMLModelDownloader;
		};
		36528C022996B61B00B5726F /* FirebaseMessaging */ = {
			isa = XCSwiftPackageProductDependency;
			package = 36528BD72996B61B00B5726F /* XCRemoteSwiftPackageReference "firebase-ios-sdk" */;
			productName = FirebaseMessaging;
		};
		36528C042996B61B00B5726F /* FirebasePerformance */ = {
			isa = XCSwiftPackageProductDependency;
			package = 36528BD72996B61B00B5726F /* XCRemoteSwiftPackageReference "firebase-ios-sdk" */;
			productName = FirebasePerformance;
		};
		36528C062996B61B00B5726F /* FirebaseRemoteConfig */ = {
			isa = XCSwiftPackageProductDependency;
			package = 36528BD72996B61B00B5726F /* XCRemoteSwiftPackageReference "firebase-ios-sdk" */;
			productName = FirebaseRemoteConfig;
		};
		36528C082996B61B00B5726F /* FirebaseRemoteConfigSwift */ = {
			isa = XCSwiftPackageProductDependency;
			package = 36528BD72996B61B00B5726F /* XCRemoteSwiftPackageReference "firebase-ios-sdk" */;
			productName = FirebaseRemoteConfigSwift;
		};
		36528C0A2996B61B00B5726F /* FirebaseStorage */ = {
			isa = XCSwiftPackageProductDependency;
			package = 36528BD72996B61B00B5726F /* XCRemoteSwiftPackageReference "firebase-ios-sdk" */;
			productName = FirebaseStorage;
		};
		36528C0C2996B61B00B5726F /* FirebaseStorageCombine-Community */ = {
			isa = XCSwiftPackageProductDependency;
			package = 36528BD72996B61B00B5726F /* XCRemoteSwiftPackageReference "firebase-ios-sdk" */;
			productName = "FirebaseStorageCombine-Community";
		};
		36932BEC29C4EE3C00928542 /* Lottie */ = {
			isa = XCSwiftPackageProductDependency;
			package = 36932BEB29C4EE3C00928542 /* XCRemoteSwiftPackageReference "lottie-ios" */;
			productName = Lottie;
		};
/* End XCSwiftPackageProductDependency section */
	};
	rootObject = 36528BBC2996B30C00B5726F /* Project object */;
}
